
Microsoft Visual Studio Solution File, Format Version 12.00
# Visual Studio Version 16
VisualStudioVersion = 16.0.30611.23
MinimumVisualStudioVersion = 10.0.40219.1
Project("{9A19103F-16F7-4668-BE54-9A1E7A4F7556}") = "Classes", "CSharpLearn1\Classes.csproj", "{BA4343A4-22D2-4B06-B1AA-16808994DB38}"
EndProject
Project("{FAE04EC0-301F-11D3-BF4B-00C04F79EFBC}") = "CSharp-Basic", "CSharp-Basic\CSharp-Basic.csproj", "{A6CD91E4-6675-4806-AE4A-11EA8381C80A}"
EndProject
Global
	GlobalSection(SolutionConfigurationPlatforms) = preSolution
		Debug|Any CPU = Debug|Any CPU
		Release|Any CPU = Release|Any CPU
	EndGlobalSection
	GlobalSection(ProjectConfigurationPlatforms) = postSolution
		{BA4343A4-22D2-4B06-B1AA-16808994DB38}.Debug|Any CPU.ActiveCfg = Debug|Any CPU
		{BA4343A4-22D2-4B06-B1AA-16808994DB38}.Debug|Any CPU.Build.0 = Debug|Any CPU
		{BA4343A4-22D2-4B06-B1AA-16808994DB38}.Release|Any CPU.ActiveCfg = Release|Any CPU
		{BA4343A4-22D2-4B06-B1AA-16808994DB38}.Release|Any CPU.Build.0 = Release|Any CPU
		{A6CD91E4-6675-4806-AE4A-11EA8381C80A}.Debug|Any CPU.ActiveCfg = Debug|Any CPU
		{A6CD91E4-6675-4806-AE4A-11EA8381C80A}.Debug|Any CPU.Build.0 = Debug|Any CPU
		{A6CD91E4-6675-4806-AE4A-11EA8381C80A}.Release|Any CPU.ActiveCfg = Release|Any CPU
		{A6CD91E4-6675-4806-AE4A-11EA8381C80A}.Release|Any CPU.Build.0 = Release|Any CPU
	EndGlobalSection
	GlobalSection(SolutionProperties) = preSolution
		HideSolutionNode = FALSE
	EndGlobalSection
	GlobalSection(ExtensibilityGlobals) = postSolution
		SolutionGuid = {E10B0ED4-A4C1-44E6-B2EE-7A4FFC440AD4}
	EndGlobalSection
EndGlobal
